Microsoft Visual Studio Solution File, Format Version 12.00
# Visual Studio Version 17
VisualStudioVersion = 17.5.2.0
MinimumVisualStudioVersion = 10.0.40219.1
Project("{FAE04EC0-301F-11D3-BF4B-00C04F79EFBC}") = "Frosta_pizza", "Frosta_pizza.csproj", "{AD87CA49-63E0-BF37-022A-08D86DD23797}"
EndProject
Global
	GlobalSection(SolutionConfigurationPlatforms) = preSolution
		Debug|Any CPU = Debug|Any CPU
		Release|Any CPU = Release|Any CPU
	EndGlobalSection
	GlobalSection(ProjectConfigurationPlatforms) = postSolution
		{AD87CA49-63E0-BF37-022A-08D86DD23797}.Debug|Any CPU.ActiveCfg = Debug|Any CPU
		{AD87CA49-63E0-BF37-022A-08D86DD23797}.Debug|Any CPU.Build.0 = Debug|Any CPU
		{AD87CA49-63E0-BF37-022A-08D86DD23797}.Release|Any CPU.ActiveCfg = Release|Any CPU
		{AD87CA49-63E0-BF37-022A-08D86DD23797}.Release|Any CPU.Build.0 = Release|Any CPU
	EndGlobalSection
	GlobalSection(SolutionProperties) = preSolution
		HideSolutionNode = FALSE
	EndGlobalSection
	GlobalSection(ExtensibilityGlobals) = postSolution
		SolutionGuid = {AD804747-4D82-4F9F-8B7A-002DC3568C9E}
	EndGlobalSection
EndGlobal
